
Microsoft Visual Studio Solution File, Format Version 12.00
# Visual Studio Version 17
VisualStudioVersion = 17.0.32112.339
MinimumVisualStudioVersion = 10.0.40219.1
Project("{9A19103F-16F7-4668-BE54-9A1E7A4F7556}") = "FunctionTaskApp", "FunctionTaskApp\FunctionTaskApp.csproj", "{FA64DD57-06C9-42FD-BBD7-AF216CDF9645}"
EndProject
Project("{9A19103F-16F7-4668-BE54-9A1E7A4F7556}") = "ProjectApp", "ProjectApp\ProjectApp.csproj", "{34ACB1BC-8E22-4F8D-921B-09F0336CC4C6}"
EndProject
Project("{9A19103F-16F7-4668-BE54-9A1E7A4F7556}") = "VectorizeJSONContent", "..\VectorizeJSONContent\VectorizeJSONContent.csproj", "{FAFB4F22-088F-4EB3-8AA6-5AC858AC8ED3}"
EndProject
Project("{FAE04EC0-301F-11D3-BF4B-00C04F79EFBC}") = "Taslow.Shared", "Taslow.Shared\Taslow.Shared.csproj", "{469691B2-800C-4F73-AB10-06856476FA4D}"
EndProject
Global
	GlobalSection(SolutionConfigurationPlatforms) = preSolution
		Debug|Any CPU = Debug|Any CPU
		Release|Any CPU = Release|Any CPU
	EndGlobalSection
	GlobalSection(ProjectConfigurationPlatforms) = postSolution
		{FA64DD57-06C9-42FD-BBD7-AF216CDF9645}.Debug|Any CPU.ActiveCfg = Debug|Any CPU
		{FA64DD57-06C9-42FD-BBD7-AF216CDF9645}.Debug|Any CPU.Build.0 = Debug|Any CPU
		{FA64DD57-06C9-42FD-BBD7-AF216CDF9645}.Release|Any CPU.ActiveCfg = Release|Any CPU
		{FA64DD57-06C9-42FD-BBD7-AF216CDF9645}.Release|Any CPU.Build.0 = Release|Any CPU
		{34ACB1BC-8E22-4F8D-921B-09F0336CC4C6}.Debug|Any CPU.ActiveCfg = Debug|Any CPU
		{34ACB1BC-8E22-4F8D-921B-09F0336CC4C6}.Debug|Any CPU.Build.0 = Debug|Any CPU
		{34ACB1BC-8E22-4F8D-921B-09F0336CC4C6}.Release|Any CPU.ActiveCfg = Release|Any CPU
		{34ACB1BC-8E22-4F8D-921B-09F0336CC4C6}.Release|Any CPU.Build.0 = Release|Any CPU
		{FAFB4F22-088F-4EB3-8AA6-5AC858AC8ED3}.Debug|Any CPU.ActiveCfg = Debug|Any CPU
		{FAFB4F22-088F-4EB3-8AA6-5AC858AC8ED3}.Debug|Any CPU.Build.0 = Debug|Any CPU
		{FAFB4F22-088F-4EB3-8AA6-5AC858AC8ED3}.Release|Any CPU.ActiveCfg = Release|Any CPU
		{FAFB4F22-088F-4EB3-8AA6-5AC858AC8ED3}.Release|Any CPU.Build.0 = Release|Any CPU
		{469691B2-800C-4F73-AB10-06856476FA4D}.Debug|Any CPU.ActiveCfg = Debug|Any CPU
		{469691B2-800C-4F73-AB10-06856476FA4D}.Debug|Any CPU.Build.0 = Debug|Any CPU
		{469691B2-800C-4F73-AB10-06856476FA4D}.Release|Any CPU.ActiveCfg = Release|Any CPU
		{469691B2-800C-4F73-AB10-06856476FA4D}.Release|Any CPU.Build.0 = Release|Any CPU
	EndGlobalSection
	GlobalSection(SolutionProperties) = preSolution
		HideSolutionNode = FALSE
	EndGlobalSection
	GlobalSection(ExtensibilityGlobals) = postSolution
		SolutionGuid = {20281EC2-5392-494E-B314-9C5B7B3A9358}
	EndGlobalSection
EndGlobal
